Microsoft Visual Studio Solution File, Format Version 12.00
# Visual Studio Version 17
VisualStudioVersion = 17.5.2.0
MinimumVisualStudioVersion = 10.0.40219.1
Project("{FAE04EC0-301F-11D3-BF4B-00C04F79EFBC}") = "Labb2Webbutveckling", "Labb2Webbutveckling.csproj", "{30E78E91-5E59-4B37-8FBA-987DF88CB07F}"
EndProject
Global
	GlobalSection(SolutionConfigurationPlatforms) = preSolution
		Debug|Any CPU = Debug|Any CPU
		Release|Any CPU = Release|Any CPU
	EndGlobalSection
	GlobalSection(ProjectConfigurationPlatforms) = postSolution
		{30E78E91-5E59-4B37-8FBA-987DF88CB07F}.Debug|Any CPU.ActiveCfg = Debug|Any CPU
		{30E78E91-5E59-4B37-8FBA-987DF88CB07F}.Debug|Any CPU.Build.0 = Debug|Any CPU
		{30E78E91-5E59-4B37-8FBA-987DF88CB07F}.Release|Any CPU.ActiveCfg = Release|Any CPU
		{30E78E91-5E59-4B37-8FBA-987DF88CB07F}.Release|Any CPU.Build.0 = Release|Any CPU
	EndGlobalSection
	GlobalSection(SolutionProperties) = preSolution
		HideSolutionNode = FALSE
	EndGlobalSection
	GlobalSection(ExtensibilityGlobals) = postSolution
		SolutionGuid = {8986EBE8-3C5B-41AA-88B2-36576BA67230}
	EndGlobalSection
EndGlobal
